# @generated - this file is auto-generated by `mise lock` https://mise.jdx.dev/dev-tools/mise-lock.html

lockfile_version = 1

[[tools.actionlint]]
version = "1.7.12"
backend = "aqua:rhysd/actionlint"
specifiers = ["latest"]

[tools.actionlint."platforms.linux-arm64"]
checksum = "sha256:325e971b6ba9bfa504672e29be93c24981eeb1c07576d730e9f7c8805afff0c6"
url = "https://github.com/rhysd/actionlint/releases/download/v1.7.12/actionlint_1.7.12_linux_arm64.tar.gz"
url_api = "https://api.github.com/repos/rhysd/actionlint/releases/assets/384924897"
provenance = "github-attestations"

[tools.actionlint."platforms.linux-arm64-musl"]
checksum = "sha256:325e971b6ba9bfa504672e29be93c24981eeb1c07576d730e9f7c8805afff0c6"
url = "https://github.com/rhysd/actionlint/releases/download/v1.7.12/actionlint_1.7.12_linux_arm64.tar.gz"
url_api = "https://api.github.com/repos/rhysd/actionlint/releases/assets/384924897"
provenance = "github-attestations"

[tools.actionlint."platforms.linux-x64"]
checksum = "sha256:8aca8db96f1b94770f1b0d72b6dddcb1ebb8123cb3712530b08cc387b349a3d8"
url = "https://github.com/rhysd/actionlint/releases/download/v1.7.12/actionlint_1.7.12_linux_amd64.tar.gz"
url_api = "https://api.github.com/repos/rhysd/actionlint/releases/assets/384924896"
provenance = "github-attestations"

[tools.actionlint."platforms.linux-x64-musl"]
checksum = "sha256:8aca8db96f1b94770f1b0d72b6dddcb1ebb8123cb3712530b08cc387b349a3d8"
url = "https://github.com/rhysd/actionlint/releases/download/v1.7.12/actionlint_1.7.12_linux_amd64.tar.gz"
url_api = "https://api.github.com/repos/rhysd/actionlint/releases/assets/384924896"
provenance = "github-attestations"

[tools.actionlint."platforms.macos-arm64"]
checksum = "sha256:aba9ced2dee8d27fecca3dc7feb1a7f9a52caefa1eb46f3271ea66b6e0e6953f"
url = "https://github.com/rhysd/actionlint/releases/download/v1.7.12/actionlint_1.7.12_darwin_arm64.tar.gz"
url_api = "https://api.github.com/repos/rhysd/actionlint/releases/assets/384924893"
provenance = "github-attestations"

[tools.actionlint."platforms.macos-x64"]
checksum = "sha256:5b44c3bc2255115c9b69e30efc0fecdf498fdb63c5d58e17084fd5f16324c644"
url = "https://github.com/rhysd/actionlint/releases/download/v1.7.12/actionlint_1.7.12_darwin_amd64.tar.gz"
url_api = "https://api.github.com/repos/rhysd/actionlint/releases/assets/384924880"
provenance = "github-attestations"

[tools.actionlint."platforms.windows-x64"]
checksum = "sha256:6e7241b51e6817ea6a047693d8e6fed13b31819c9a0dd6c5a726e1592d22f6e9"
url = "https://github.com/rhysd/actionlint/releases/download/v1.7.12/actionlint_1.7.12_windows_amd64.zip"
url_api = "https://api.github.com/repos/rhysd/actionlint/releases/assets/384924919"
provenance = "github-attestations"

[[tools.betterleaks]]
version = "1.8.1"
backend = "aqua:betterleaks/betterleaks"
specifiers = ["latest"]

[tools.betterleaks."platforms.linux-arm64"]
checksum = "sha256:bbb578b12a2f65d7082ab436abf37724232bc71d8a078e3c41336574420f1b48"
url = "https://github.com/betterleaks/betterleaks/releases/download/v1.8.1/betterleaks_1.8.1_linux_arm64.tar.gz"
url_api = "https://api.github.com/repos/betterleaks/betterleaks/releases/assets/519981771"
provenance = "cosign"

[tools.betterleaks."platforms.linux-arm64-musl"]
checksum = "sha256:bbb578b12a2f65d7082ab436abf37724232bc71d8a078e3c41336574420f1b48"
url = "https://github.com/betterleaks/betterleaks/releases/download/v1.8.1/betterleaks_1.8.1_linux_arm64.tar.gz"
url_api = "https://api.github.com/repos/betterleaks/betterleaks/releases/assets/519981771"
provenance = "cosign"

[tools.betterleaks."platforms.linux-x64"]
checksum = "sha256:efa407244e1ea8e35f582b8a42becdeac08bdead04f68eb752adda722d583c2a"
url = "https://github.com/betterleaks/betterleaks/releases/download/v1.8.1/betterleaks_1.8.1_linux_x64.tar.gz"
url_api = "https://api.github.com/repos/betterleaks/betterleaks/releases/assets/519981768"
provenance = "cosign"

[tools.betterleaks."platforms.linux-x64-musl"]
checksum = "sha256:efa407244e1ea8e35f582b8a42becdeac08bdead04f68eb752adda722d583c2a"
url = "https://github.com/betterleaks/betterleaks/releases/download/v1.8.1/betterleaks_1.8.1_linux_x64.tar.gz"
url_api = "https://api.github.com/repos/betterleaks/betterleaks/releases/assets/519981768"
provenance = "cosign"

[tools.betterleaks."platforms.macos-arm64"]
checksum = "sha256:8e80f33b5f2a7426b390347b9fd466033723cb94b6bdffa7572632e2eaec964e"
url = "https://github.com/betterleaks/betterleaks/releases/download/v1.8.1/betterleaks_1.8.1_darwin_arm64.tar.gz"
url_api = "https://api.github.com/repos/betterleaks/betterleaks/releases/assets/519981770"
provenance = "cosign"

[tools.betterleaks."platforms.macos-x64"]
checksum = "sha256:6abc37df76f881cffae406aa2cec72bea6e6ae64b4e771b3ed21b4aac472ed10"
url = "https://github.com/betterleaks/betterleaks/releases/download/v1.8.1/betterleaks_1.8.1_darwin_x64.tar.gz"
url_api = "https://api.github.com/repos/betterleaks/betterleaks/releases/assets/519981772"
provenance = "cosign"

[tools.betterleaks."platforms.windows-x64"]
checksum = "sha256:94310d028285a1bcce7f160bc19eb62f87de6460c95bfd4319151ef5b501ed3f"
url = "https://github.com/betterleaks/betterleaks/releases/download/v1.8.1/betterleaks_1.8.1_windows_x64.zip"
url_api = "https://api.github.com/repos/betterleaks/betterleaks/releases/assets/519981798"
provenance = "cosign"

[[tools.biome]]
version = "2.5.13"
backend = "aqua:biomejs/biome"
specifiers = ["latest"]

[tools.biome."platforms.linux-arm64"]
checksum = "sha256:c5f0cf249b1ef1d730376ef61390341e4fdcdb2f79a7fe94a2dacd6af6241958"
url = "https://github.com/biomejs/biome/releases/download/%40biomejs/biome%402.5.13/biome-linux-arm64"
url_api = "https://api.github.com/repos/biomejs/biome/releases/assets/554847321"
provenance = "github-attestations"

[tools.biome."platforms.linux-arm64-musl"]
checksum = "sha256:41ea15898cb3da3fcc90388671ac88c197f80c4ff681cff56a1cdd5433266524"
url = "https://github.com/biomejs/biome/releases/download/%40biomejs/biome%402.5.13/biome-linux-arm64-musl"
url_api = "https://api.github.com/repos/biomejs/biome/releases/assets/554847322"
provenance = "github-attestations"

[tools.biome."platforms.linux-x64"]
checksum = "sha256:2037af3d666febdb6e1a2f549938d6f0fe961bad0ac1a34c5fee3dec2db0b43e"
url = "https://github.com/biomejs/biome/releases/download/%40biomejs/biome%402.5.13/biome-linux-x64"
url_api = "https://api.github.com/repos/biomejs/biome/releases/assets/554847323"
provenance = "github-attestations"

[tools.biome."platforms.linux-x64-musl"]
checksum = "sha256:bcf687baae8fcb2e15e1dff8dc2557a98295d26debfb1e353a2cdb01f63a9e62"
url = "https://github.com/biomejs/biome/releases/download/%40biomejs/biome%402.5.13/biome-linux-x64-musl"
url_api = "https://api.github.com/repos/biomejs/biome/releases/assets/554847316"
provenance = "github-attestations"

[tools.biome."platforms.macos-arm64"]
checksum = "sha256:3d0cff7e4cd35a1709c1f4f9568380e08b3551ecf6e7356b3a49a40e3611894b"
url = "https://github.com/biomejs/biome/releases/download/%40biomejs/biome%402.5.13/biome-darwin-arm64"
url_api = "https://api.github.com/repos/biomejs/biome/releases/assets/554847319"
provenance = "github-attestations"

[tools.biome."platforms.macos-x64"]
checksum = "sha256:16f162b37f5bfca9d203dd8a05b20a3aaa6fee806f6ae0e1f8792331a6072238"
url = "https://github.com/biomejs/biome/releases/download/%40biomejs/biome%402.5.13/biome-darwin-x64"
url_api = "https://api.github.com/repos/biomejs/biome/releases/assets/554847324"
provenance = "github-attestations"

[tools.biome."platforms.windows-x64"]
checksum = "sha256:3d7ce7840c4b47db771f258bd2258eecdae820a4bad376b9740af5bb9bb4d75d"
url = "https://github.com/biomejs/biome/releases/download/%40biomejs/biome%402.5.13/biome-win32-x64.exe"
url_api = "https://api.github.com/repos/biomejs/biome/releases/assets/554847315"
provenance = "github-attestations"

[[tools.dotnet]]
version = "10.0.401"
backend = "core:dotnet"
specifiers = ["10"]

[[tools."dotnet:OPCFoundation.Opc.Ua.ModelCompiler.Tool"]]
version = "2.8.15"
backend = "dotnet:OPCFoundation.Opc.Ua.ModelCompiler.Tool"
specifiers = ["2.8.15"]

[[tools.editorconfig-checker]]
version = "4.0.1"
backend = "aqua:editorconfig-checker/editorconfig-checker"
specifiers = ["latest"]

[tools.editorconfig-checker."platforms.linux-arm64"]
checksum = "sha256:f162c749ade763ed4954de678ebb786c99431b9a615a964c284605e68dbbd3f9"
url = "https://github.com/editorconfig-checker/editorconfig-checker/releases/download/v4.0.1/editorconfig-checker-linux-arm64.tar.gz"
url_api = "https://api.github.com/repos/editorconfig-checker/editorconfig-checker/releases/assets/543952366"

[tools.editorconfig-checker."platforms.linux-arm64-musl"]
checksum = "sha256:f162c749ade763ed4954de678ebb786c99431b9a615a964c284605e68dbbd3f9"
url = "https://github.com/editorconfig-checker/editorconfig-checker/releases/download/v4.0.1/editorconfig-checker-linux-arm64.tar.gz"
url_api = "https://api.github.com/repos/editorconfig-checker/editorconfig-checker/releases/assets/543952366"

[tools.editorconfig-checker."platforms.linux-x64"]
checksum = "sha256:90139c6ed52373c0acfc9deb2a07aa812e5184753afd4bc8252bf44eb4909155"
url = "https://github.com/editorconfig-checker/editorconfig-checker/releases/download/v4.0.1/editorconfig-checker-linux-amd64.tar.gz"
url_api = "https://api.github.com/repos/editorconfig-checker/editorconfig-checker/releases/assets/543952355"

[tools.editorconfig-checker."platforms.linux-x64-musl"]
checksum = "sha256:90139c6ed52373c0acfc9deb2a07aa812e5184753afd4bc8252bf44eb4909155"
url = "https://github.com/editorconfig-checker/editorconfig-checker/releases/download/v4.0.1/editorconfig-checker-linux-amd64.tar.gz"
url_api = "https://api.github.com/repos/editorconfig-checker/editorconfig-checker/releases/assets/543952355"

[tools.editorconfig-checker."platforms.macos-arm64"]
checksum = "sha256:9ed547505176d7384e1fb861ecfdd13df8c15e37d4bbcc2bd40e52e81ab32176"
url = "https://github.com/editorconfig-checker/editorconfig-checker/releases/download/v4.0.1/editorconfig-checker-darwin-all.tar.gz"
url_api = "https://api.github.com/repos/editorconfig-checker/editorconfig-checker/releases/assets/543952367"

[tools.editorconfig-checker."platforms.macos-x64"]
checksum = "sha256:9ed547505176d7384e1fb861ecfdd13df8c15e37d4bbcc2bd40e52e81ab32176"
url = "https://github.com/editorconfig-checker/editorconfig-checker/releases/download/v4.0.1/editorconfig-checker-darwin-all.tar.gz"
url_api = "https://api.github.com/repos/editorconfig-checker/editorconfig-checker/releases/assets/543952367"

[tools.editorconfig-checker."platforms.windows-x64"]
checksum = "sha256:a5f1eb57b62a3499b920f6ddb1561c7f8b0276289ff0c4fefc03a5225d721c11"
url = "https://github.com/editorconfig-checker/editorconfig-checker/releases/download/v4.0.1/editorconfig-checker-windows-amd64.zip"
url_api = "https://api.github.com/repos/editorconfig-checker/editorconfig-checker/releases/assets/543952342"

[[tools.ghalint]]
version = "1.5.6"
backend = "aqua:suzuki-shunsuke/ghalint"
specifiers = ["latest"]

[tools.ghalint."platforms.linux-arm64"]
checksum = "sha256:203a22c70b40bb161626973ad2a8dd06aeb736699fc8e03dd425dee8ff3406e6"
url = "https://github.com/suzuki-shunsuke/ghalint/releases/download/v1.5.6/ghalint_1.5.6_linux_arm64.tar.gz"
url_api = "https://api.github.com/repos/suzuki-shunsuke/ghalint/releases/assets/409631231"

[tools.ghalint."platforms.linux-arm64".provenance.slsa]
url = "https://github.com/suzuki-shunsuke/ghalint/releases/download/v1.5.6/multiple.intoto.jsonl"

[tools.ghalint."platforms.linux-arm64-musl"]
checksum = "sha256:203a22c70b40bb161626973ad2a8dd06aeb736699fc8e03dd425dee8ff3406e6"
url = "https://github.com/suzuki-shunsuke/ghalint/releases/download/v1.5.6/ghalint_1.5.6_linux_arm64.tar.gz"
url_api = "https://api.github.com/repos/suzuki-shunsuke/ghalint/releases/assets/409631231"

[tools.ghalint."platforms.linux-arm64-musl".provenance.slsa]
url = "https://github.com/suzuki-shunsuke/ghalint/releases/download/v1.5.6/multiple.intoto.jsonl"

[tools.ghalint."platforms.linux-x64"]
checksum = "sha256:98ee0e3330de7286f470d1e89c03ff7ce70d7a5998ba0f15969c400447be579c"
url = "https://github.com/suzuki-shunsuke/ghalint/releases/download/v1.5.6/ghalint_1.5.6_linux_amd64.tar.gz"
url_api = "https://api.github.com/repos/suzuki-shunsuke/ghalint/releases/assets/409631220"

[tools.ghalint."platforms.linux-x64".provenance.slsa]
url = "https://github.com/suzuki-shunsuke/ghalint/releases/download/v1.5.6/multiple.intoto.jsonl"

[tools.ghalint."platforms.linux-x64-musl"]
checksum = "sha256:98ee0e3330de7286f470d1e89c03ff7ce70d7a5998ba0f15969c400447be579c"
url = "https://github.com/suzuki-shunsuke/ghalint/releases/download/v1.5.6/ghalint_1.5.6_linux_amd64.tar.gz"
url_api = "https://api.github.com/repos/suzuki-shunsuke/ghalint/releases/assets/409631220"

[tools.ghalint."platforms.linux-x64-musl".provenance.slsa]
url = "https://github.com/suzuki-shunsuke/ghalint/releases/download/v1.5.6/multiple.intoto.jsonl"

[tools.ghalint."platforms.macos-arm64"]
checksum = "sha256:1262cac411e27b4653e6b66b7b06580ebcc2026fdd903e12e6cb0e4591639de6"
url = "https://github.com/suzuki-shunsuke/ghalint/releases/download/v1.5.6/ghalint_1.5.6_darwin_arm64.tar.gz"
url_api = "https://api.github.com/repos/suzuki-shunsuke/ghalint/releases/assets/409631219"

[tools.ghalint."platforms.macos-arm64".provenance.slsa]
url = "https://github.com/suzuki-shunsuke/ghalint/releases/download/v1.5.6/multiple.intoto.jsonl"

[tools.ghalint."platforms.macos-x64"]
checksum = "sha256:d2a0e8605333068065dcf4c9b7b7a24891eda1750ac01fb755dfba426a390883"
url = "https://github.com/suzuki-shunsuke/ghalint/releases/download/v1.5.6/ghalint_1.5.6_darwin_amd64.tar.gz"
url_api = "https://api.github.com/repos/suzuki-shunsuke/ghalint/releases/assets/409631204"

[tools.ghalint."platforms.macos-x64".provenance.slsa]
url = "https://github.com/suzuki-shunsuke/ghalint/releases/download/v1.5.6/multiple.intoto.jsonl"

[tools.ghalint."platforms.windows-x64"]
checksum = "sha256:109ea9b39c8e263cef924bd3b4fe5505964204f934ca60d986f4090d01a99ba5"
url = "https://github.com/suzuki-shunsuke/ghalint/releases/download/v1.5.6/ghalint_1.5.6_windows_amd64.zip"
url_api = "https://api.github.com/repos/suzuki-shunsuke/ghalint/releases/assets/409631234"

[tools.ghalint."platforms.windows-x64".provenance.slsa]
url = "https://github.com/suzuki-shunsuke/ghalint/releases/download/v1.5.6/multiple.intoto.jsonl"

[[tools."github:mhersson/mpls"]]
version = "0.22.0"
backend = "github:mhersson/mpls"
specifiers = ["latest"]

[tools."github:mhersson/mpls"."platforms.linux-arm64"]
checksum = "sha256:7265d0cbd9d0a06128dc513ec3af70e47290b1616150cd46d8485ff33e24b99f"
url = "https://github.com/mhersson/mpls/releases/download/v0.22.0/mpls_0.22.0_linux_arm64.tar.gz"
url_api = "https://api.github.com/repos/mhersson/mpls/releases/assets/502754093"

[tools."github:mhersson/mpls"."platforms.linux-arm64-musl"]
checksum = "sha256:7265d0cbd9d0a06128dc513ec3af70e47290b1616150cd46d8485ff33e24b99f"
url = "https://github.com/mhersson/mpls/releases/download/v0.22.0/mpls_0.22.0_linux_arm64.tar.gz"
url_api = "https://api.github.com/repos/mhersson/mpls/releases/assets/502754093"

[tools."github:mhersson/mpls"."platforms.linux-x64"]
checksum = "sha256:11273fa45ab1aabf0d177528e26f7e62819be2e6d0317c18f2deed174e656894"
url = "https://github.com/mhersson/mpls/releases/download/v0.22.0/mpls_0.22.0_linux_amd64.tar.gz"
url_api = "https://api.github.com/repos/mhersson/mpls/releases/assets/502754086"

[tools."github:mhersson/mpls"."platforms.linux-x64-musl"]
checksum = "sha256:11273fa45ab1aabf0d177528e26f7e62819be2e6d0317c18f2deed174e656894"
url = "https://github.com/mhersson/mpls/releases/download/v0.22.0/mpls_0.22.0_linux_amd64.tar.gz"
url_api = "https://api.github.com/repos/mhersson/mpls/releases/assets/502754086"

[tools."github:mhersson/mpls"."platforms.macos-arm64"]
checksum = "sha256:d3a55b4da14c58a0c5b5c014b45bb5b51a28fe61bb931623c810e3ac8cf19d9f"
url = "https://github.com/mhersson/mpls/releases/download/v0.22.0/mpls_0.22.0_darwin_arm64.tar.gz"
url_api = "https://api.github.com/repos/mhersson/mpls/releases/assets/502754112"

[tools."github:mhersson/mpls"."platforms.macos-x64"]
checksum = "sha256:2d017336364761601110f86699975ef70b92a7e659d4bcf0b91033ac2b710e0d"
url = "https://github.com/mhersson/mpls/releases/download/v0.22.0/mpls_0.22.0_darwin_amd64.tar.gz"
url_api = "https://api.github.com/repos/mhersson/mpls/releases/assets/502754124"

[tools."github:mhersson/mpls"."platforms.windows-x64"]
checksum = "sha256:54bb1dc013cdb579c31d05063e6952591fc20946648d845da9d950a1a0c5e7c5"
url = "https://github.com/mhersson/mpls/releases/download/v0.22.0/mpls_0.22.0_windows_amd64.zip"
url_api = "https://api.github.com/repos/mhersson/mpls/releases/assets/502754092"

[[tools.hk]]
version = "2.0.0"
backend = "packslip:github.com/jdx/hk"
specifiers = ["latest"]

[tools.hk."platforms.linux-arm64"]
checksum = "sha256:1034ac9e07d7ffc18b58c72c6fe1013bd1e6ab1d8fa421bc4f4ac68ee08cb011"
url = "https://github.com/jdx/hk/releases/download/v2.0.0/hk-aarch64-unknown-linux-gnu.tar.gz"
signer = "sigstore-oidc:https://github.com/jdx/hk/.github/workflows/release.yml"

[tools.hk."platforms.linux-arm64-musl"]
checksum = "sha256:494b4e1c6be73b44cffcead07a97681ec3f1ea72df05a6fbba5a2bfae3648604"
url = "https://github.com/jdx/hk/releases/download/v2.0.0/hk-aarch64-unknown-linux-musl.tar.gz"
signer = "sigstore-oidc:https://github.com/jdx/hk/.github/workflows/release.yml"

[tools.hk."platforms.linux-x64"]
checksum = "sha256:d2cdde7a68dba648b2d25605ceab364074a057fb93618b46ce7ac3e298bfba2c"
url = "https://github.com/jdx/hk/releases/download/v2.0.0/hk-x86_64-unknown-linux-gnu.tar.gz"
signer = "sigstore-oidc:https://github.com/jdx/hk/.github/workflows/release.yml"

[tools.hk."platforms.linux-x64-musl"]
checksum = "sha256:8faf654847d8cc7432012d4b1277ae91b4bca78275f87776f0381aee26d7920d"
url = "https://github.com/jdx/hk/releases/download/v2.0.0/hk-x86_64-unknown-linux-musl.tar.gz"
signer = "sigstore-oidc:https://github.com/jdx/hk/.github/workflows/release.yml"

[tools.hk."platforms.macos-arm64"]
checksum = "sha256:9ee3f4350b321677e5ce291882c6441b153773b32705734d2208f93ac71ce12f"
url = "https://github.com/jdx/hk/releases/download/v2.0.0/hk-aarch64-apple-darwin.tar.gz"
signer = "sigstore-oidc:https://github.com/jdx/hk/.github/workflows/release.yml"

[tools.hk."platforms.windows-x64"]
checksum = "sha256:81fca45c5e7697fdc114080f2fc1ea229bb053b4201a7f4e15e62d1a68820a65"
url = "https://github.com/jdx/hk/releases/download/v2.0.0/hk-x86_64-pc-windows-msvc.zip"
signer = "sigstore-oidc:https://github.com/jdx/hk/.github/workflows/release.yml"

[[tools.marksman]]
version = "2026-02-08"
backend = "aqua:artempyanykh/marksman"
specifiers = ["latest"]

[tools.marksman."platforms.linux-arm64"]
checksum = "sha256:db8e124527f7f8048e3e6c91821b9c52ef173d92c01e47d221bf1337afd962fb"
url = "https://github.com/artempyanykh/marksman/releases/download/2026-02-08/marksman-linux-arm64"
url_api = "https://api.github.com/repos/artempyanykh/marksman/releases/assets/352747912"

[tools.marksman."platforms.linux-arm64-musl"]
checksum = "sha256:cd3b91b630042cc09b20505583203f875fbb4bf2fdf74dd6d87fddc3238d2798"
url = "https://github.com/artempyanykh/marksman/releases/download/2026-02-08/marksman-linux-musl-arm64"
url_api = "https://api.github.com/repos/artempyanykh/marksman/releases/assets/352747925"

[tools.marksman."platforms.linux-x64"]
checksum = "sha256:be5098e8213219269c47fc0d916a66fa31ce0602ec967475c722260aabf26087"
url = "https://github.com/artempyanykh/marksman/releases/download/2026-02-08/marksman-linux-x64"
url_api = "https://api.github.com/repos/artempyanykh/marksman/releases/assets/352747902"

[tools.marksman."platforms.linux-x64-musl"]
checksum = "sha256:d33df4544bb1f9f1b93b862ea78375ca8c04cd467ed2bcee354d605fc483ceee"
url = "https://github.com/artempyanykh/marksman/releases/download/2026-02-08/marksman-linux-musl-x64"
url_api = "https://api.github.com/repos/artempyanykh/marksman/releases/assets/352747928"

[tools.marksman."platforms.macos-arm64"]
checksum = "sha256:6a801c17b5ac0dba69787c5282b3b3bd416e66c96253fae098d311c6bbd1833b"
url = "https://github.com/artempyanykh/marksman/releases/download/2026-02-08/marksman-macos"
url_api = "https://api.github.com/repos/artempyanykh/marksman/releases/assets/352747961"

[tools.marksman."platforms.macos-x64"]
checksum = "sha256:6a801c17b5ac0dba69787c5282b3b3bd416e66c96253fae098d311c6bbd1833b"
url = "https://github.com/artempyanykh/marksman/releases/download/2026-02-08/marksman-macos"
url_api = "https://api.github.com/repos/artempyanykh/marksman/releases/assets/352747961"

[tools.marksman."platforms.windows-x64"]
checksum = "sha256:a6d05beb08ebe41b0a9f09c98a438540421436fa5531424c22e0bb1d22529705"
url = "https://github.com/artempyanykh/marksman/releases/download/2026-02-08/marksman.exe"
url_api = "https://api.github.com/repos/artempyanykh/marksman/releases/assets/352747911"

[[tools.node]]
version = "24.21.0"
backend = "core:node"
specifiers = ["lts"]

[tools.node."platforms.linux-arm64"]
checksum = "sha256:724282c3b43aec998aa9527380465b45d229e021b58035f5f4f63095eabfe5d5"
url = "https://nodejs.org/dist/v24.21.0/node-v24.21.0-linux-arm64.tar.gz"

[tools.node."platforms.linux-arm64-musl"]
checksum = "sha256:3048b0811e158ca0d8672b59c839861763e144492980d8d29b369dfee45747e4"
url = "https://unofficial-builds.nodejs.org/download/release/v24.21.0/node-v24.21.0-linux-arm64-musl.tar.gz"

[tools.node."platforms.linux-x64"]
checksum = "sha256:6e1db87ef58b8819e5d5402eff1536491b18edd8eb7bee5ef7897876e88dc5ff"
url = "https://nodejs.org/dist/v24.21.0/node-v24.21.0-linux-x64.tar.gz"

[tools.node."platforms.linux-x64-musl"]
checksum = "sha256:01a713e34da98e7b4d2a3191ee7ca3f93dd0384d1a2ef23c379b2161ee6e133a"
url = "https://unofficial-builds.nodejs.org/download/release/v24.21.0/node-v24.21.0-linux-x64-musl.tar.gz"

[tools.node."platforms.macos-arm64"]
checksum = "sha256:bed7eea5325e1108f32ce5228ddd6a5f0f08a499ee42aa7442aea583702f6057"
url = "https://nodejs.org/dist/v24.21.0/node-v24.21.0-darwin-arm64.tar.gz"

[tools.node."platforms.macos-x64"]
checksum = "sha256:1462cb3b3046b815cf8ea436d3da450ec1a9f11dac7e5a46b0ada5305d7e8097"
url = "https://nodejs.org/dist/v24.21.0/node-v24.21.0-darwin-x64.tar.gz"

[tools.node."platforms.windows-x64"]
checksum = "sha256:158f7685b44de51f6c0df1d153526cbcd3e1bc739a8dfc607721cef75de9e541"
url = "https://nodejs.org/dist/v24.21.0/node-v24.21.0-win-x64.zip"

[[tools."npm:yaml-language-server"]]
version = "1.24.0"
backend = "npm:yaml-language-server"
specifiers = ["latest"]

[[tools.pinact]]
version = "5.0.0"
backend = "aqua:suzuki-shunsuke/pinact"
specifiers = ["latest"]

[tools.pinact."platforms.linux-arm64"]
checksum = "sha256:d28ca5e9ddd7950da4a808288f8a83f84fc3ca40e86bab970f3adeef33578c0b"
url = "https://github.com/suzuki-shunsuke/pinact/releases/download/v5.0.0/pinact_linux_arm64.tar.gz"
url_api = "https://api.github.com/repos/suzuki-shunsuke/pinact/releases/assets/558638070"
provenance = "github-attestations"

[tools.pinact."platforms.linux-arm64-musl"]
checksum = "sha256:d28ca5e9ddd7950da4a808288f8a83f84fc3ca40e86bab970f3adeef33578c0b"
url = "https://github.com/suzuki-shunsuke/pinact/releases/download/v5.0.0/pinact_linux_arm64.tar.gz"
url_api = "https://api.github.com/repos/suzuki-shunsuke/pinact/releases/assets/558638070"
provenance = "github-attestations"

[tools.pinact."platforms.linux-x64"]
checksum = "sha256:d005bbb85da80dacdc07816f24a5da723a9f6d1e9f3d3e7e73df33f9caa1358f"
url = "https://github.com/suzuki-shunsuke/pinact/releases/download/v5.0.0/pinact_linux_amd64.tar.gz"
url_api = "https://api.github.com/repos/suzuki-shunsuke/pinact/releases/assets/558638065"
provenance = "github-attestations"

[tools.pinact."platforms.linux-x64-musl"]
checksum = "sha256:d005bbb85da80dacdc07816f24a5da723a9f6d1e9f3d3e7e73df33f9caa1358f"
url = "https://github.com/suzuki-shunsuke/pinact/releases/download/v5.0.0/pinact_linux_amd64.tar.gz"
url_api = "https://api.github.com/repos/suzuki-shunsuke/pinact/releases/assets/558638065"
provenance = "github-attestations"

[tools.pinact."platforms.macos-arm64"]
checksum = "sha256:3437ebfc9db720e431e86fd03ed19173b88dcb80b0f177d11a892126108661b5"
url = "https://github.com/suzuki-shunsuke/pinact/releases/download/v5.0.0/pinact_darwin_arm64.tar.gz"
url_api = "https://api.github.com/repos/suzuki-shunsuke/pinact/releases/assets/558638064"
provenance = "github-attestations"

[tools.pinact."platforms.macos-x64"]
checksum = "sha256:da5532bd185a9d3a16a1f93774f835574e0c50bc74c2085b9917b9df3e9fbbaa"
url = "https://github.com/suzuki-shunsuke/pinact/releases/download/v5.0.0/pinact_darwin_amd64.tar.gz"
url_api = "https://api.github.com/repos/suzuki-shunsuke/pinact/releases/assets/558638050"
provenance = "github-attestations"

[tools.pinact."platforms.windows-x64"]
checksum = "sha256:df2f590f24c2bfe65a35010bffb4369ba0792c9afaf7fb324b2330895a37d19f"
url = "https://github.com/suzuki-shunsuke/pinact/releases/download/v5.0.0/pinact_windows_amd64.zip"
url_api = "https://api.github.com/repos/suzuki-shunsuke/pinact/releases/assets/558638100"
provenance = "github-attestations"

[[tools.pkl]]
version = "0.32.1"
backend = "aqua:apple/pkl"
specifiers = ["latest"]

[tools.pkl."platforms.linux-arm64"]
checksum = "sha256:a76d2dd47da435a8f911b0347373f47c7e59ea54fb75ff846d20b8df10dba058"
url = "https://github.com/apple/pkl/releases/download/0.32.1/pkl-linux-aarch64"
url_api = "https://api.github.com/repos/apple/pkl/releases/assets/487426568"

[tools.pkl."platforms.linux-arm64-musl"]
checksum = "sha256:a76d2dd47da435a8f911b0347373f47c7e59ea54fb75ff846d20b8df10dba058"
url = "https://github.com/apple/pkl/releases/download/0.32.1/pkl-linux-aarch64"
url_api = "https://api.github.com/repos/apple/pkl/releases/assets/487426568"

[tools.pkl."platforms.linux-x64"]
checksum = "sha256:3180b62da95c0cad1d904e9bb6c5f4a8f9032413c21e53194bb91ff1ee5f3211"
url = "https://github.com/apple/pkl/releases/download/0.32.1/pkl-linux-amd64"
url_api = "https://api.github.com/repos/apple/pkl/releases/assets/487426567"

[tools.pkl."platforms.linux-x64-musl"]
checksum = "sha256:3180b62da95c0cad1d904e9bb6c5f4a8f9032413c21e53194bb91ff1ee5f3211"
url = "https://github.com/apple/pkl/releases/download/0.32.1/pkl-linux-amd64"
url_api = "https://api.github.com/repos/apple/pkl/releases/assets/487426567"

[tools.pkl."platforms.macos-arm64"]
checksum = "sha256:563eb51c9a20b16a3625464ed745c675ed9750381f2126722696a0d7cac1d9d3"
url = "https://github.com/apple/pkl/releases/download/0.32.1/pkl-macos-aarch64"
url_api = "https://api.github.com/repos/apple/pkl/releases/assets/487426570"

[tools.pkl."platforms.macos-x64"]
checksum = "sha256:5b74b903234047960144f66f2cebdd12d267d9b98e8155ed91d2ae5ed27e2d1f"
url = "https://github.com/apple/pkl/releases/download/0.32.1/pkl-macos-amd64"
url_api = "https://api.github.com/repos/apple/pkl/releases/assets/487426599"

[tools.pkl."platforms.windows-x64"]
checksum = "sha256:8550a00fcf027335e42c5e2cd553b88e98845408cb1880b3e3d1860caf46d22a"
url = "https://github.com/apple/pkl/releases/download/0.32.1/pkl-windows-amd64.exe"
url_api = "https://api.github.com/repos/apple/pkl/releases/assets/487426668"

[[tools.rumdl]]
version = "0.2.73"
backend = "aqua:rvben/rumdl"
specifiers = ["latest"]

[tools.rumdl."platforms.linux-arm64"]
checksum = "sha256:83fb9a5899d192b828625f21cb26f8971dc5e6c280a947594db1f0932cb9e7df"
url = "https://github.com/rvben/rumdl/releases/download/v0.2.73/rumdl-v0.2.73-aarch64-unknown-linux-gnu.tar.gz"
url_api = "https://api.github.com/repos/rvben/rumdl/releases/assets/557839622"
provenance = "github-attestations"

[tools.rumdl."platforms.linux-arm64-musl"]
checksum = "sha256:f51548adfc71c4982cb5cc239d847bcd4c884e6ac8dc67efd68efd3eea9753a4"
url = "https://github.com/rvben/rumdl/releases/download/v0.2.73/rumdl-v0.2.73-aarch64-unknown-linux-musl.tar.gz"
url_api = "https://api.github.com/repos/rvben/rumdl/releases/assets/557839618"
provenance = "github-attestations"

[tools.rumdl."platforms.linux-x64"]
checksum = "sha256:d56a8e40471af32fe3229e845f3e299e3691665b15cd4ca28f2deb502c487666"
url = "https://github.com/rvben/rumdl/releases/download/v0.2.73/rumdl-v0.2.73-x86_64-unknown-linux-gnu.tar.gz"
url_api = "https://api.github.com/repos/rvben/rumdl/releases/assets/557839623"
provenance = "github-attestations"

[tools.rumdl."platforms.linux-x64-musl"]
checksum = "sha256:dc4aa9bf98f936f667039224a34fc2e26ddf6be3589bf59d63e4d6b038be4f5c"
url = "https://github.com/rvben/rumdl/releases/download/v0.2.73/rumdl-v0.2.73-x86_64-unknown-linux-musl.tar.gz"
url_api = "https://api.github.com/repos/rvben/rumdl/releases/assets/557839615"
provenance = "github-attestations"

[tools.rumdl."platforms.macos-arm64"]
checksum = "sha256:54e0e7c3031b8bfa37e3c57104cc0c93988e02f5b7023c1804749fd180822f9e"
url = "https://github.com/rvben/rumdl/releases/download/v0.2.73/rumdl-v0.2.73-aarch64-apple-darwin.tar.gz"
url_api = "https://api.github.com/repos/rvben/rumdl/releases/assets/557839617"
provenance = "github-attestations"

[tools.rumdl."platforms.macos-x64"]
checksum = "sha256:ad181073e75df52e982025d1f5a9508ef6588f895ef5f78227301499325ea132"
url = "https://github.com/rvben/rumdl/releases/download/v0.2.73/rumdl-v0.2.73-x86_64-apple-darwin.tar.gz"
url_api = "https://api.github.com/repos/rvben/rumdl/releases/assets/557839628"
provenance = "github-attestations"

[tools.rumdl."platforms.windows-x64"]
checksum = "sha256:bc6c86d61588e9c92ec9927903ed4973986d30b94d042732ddf62424755dd3c8"
url = "https://github.com/rvben/rumdl/releases/download/v0.2.73/rumdl-v0.2.73-x86_64-pc-windows-msvc.zip"
url_api = "https://api.github.com/repos/rvben/rumdl/releases/assets/557839616"
provenance = "github-attestations"

[[tools.rust]]
version = "1.98.1"
backend = "core:rust"
specifiers = ["1.98.1"]

[tools.rust.options]
components = "rust-analyzer"
profile = "default"

[[tools.shellcheck]]
version = "0.11.0"
backend = "aqua:koalaman/shellcheck"
specifiers = ["latest"]

[tools.shellcheck."platforms.linux-arm64"]
checksum = "sha256:12b331c1d2db6b9eb13cfca64306b1b157a86eb69db83023e261eaa7e7c14588"
url = "https://github.com/koalaman/shellcheck/releases/download/v0.11.0/shellcheck-v0.11.0.linux.aarch64.tar.xz"
url_api = "https://api.github.com/repos/koalaman/shellcheck/releases/assets/279056934"

[tools.shellcheck."platforms.linux-arm64-musl"]
checksum = "sha256:12b331c1d2db6b9eb13cfca64306b1b157a86eb69db83023e261eaa7e7c14588"
url = "https://github.com/koalaman/shellcheck/releases/download/v0.11.0/shellcheck-v0.11.0.linux.aarch64.tar.xz"
url_api = "https://api.github.com/repos/koalaman/shellcheck/releases/assets/279056934"

[tools.shellcheck."platforms.linux-x64"]
checksum = "sha256:8c3be12b05d5c177a04c29e3c78ce89ac86f1595681cab149b65b97c4e227198"
url = "https://github.com/koalaman/shellcheck/releases/download/v0.11.0/shellcheck-v0.11.0.linux.x86_64.tar.xz"
url_api = "https://api.github.com/repos/koalaman/shellcheck/releases/assets/279056942"

[tools.shellcheck."platforms.linux-x64-musl"]
checksum = "sha256:8c3be12b05d5c177a04c29e3c78ce89ac86f1595681cab149b65b97c4e227198"
url = "https://github.com/koalaman/shellcheck/releases/download/v0.11.0/shellcheck-v0.11.0.linux.x86_64.tar.xz"
url_api = "https://api.github.com/repos/koalaman/shellcheck/releases/assets/279056942"

[tools.shellcheck."platforms.macos-arm64"]
checksum = "sha256:56affdd8de5527894dca6dc3d7e0a99a873b0f004d7aabc30ae407d3f48b0a79"
url = "https://github.com/koalaman/shellcheck/releases/download/v0.11.0/shellcheck-v0.11.0.darwin.aarch64.tar.xz"
url_api = "https://api.github.com/repos/koalaman/shellcheck/releases/assets/279056932"

[tools.shellcheck."platforms.macos-x64"]
checksum = "sha256:3c89db4edcab7cf1c27bff178882e0f6f27f7afdf54e859fa041fca10febe4c6"
url = "https://github.com/koalaman/shellcheck/releases/download/v0.11.0/shellcheck-v0.11.0.darwin.x86_64.tar.xz"
url_api = "https://api.github.com/repos/koalaman/shellcheck/releases/assets/279056930"

[tools.shellcheck."platforms.windows-x64"]
checksum = "sha256:8a4e35ab0b331c85d73567b12f2a444df187f483e5079ceffa6bda1faa2e740e"
url = "https://github.com/koalaman/shellcheck/releases/download/v0.11.0/shellcheck-v0.11.0.zip"
url_api = "https://api.github.com/repos/koalaman/shellcheck/releases/assets/279056944"

[[tools.tombi]]
version = "1.5.5"
backend = "aqua:tombi-toml/tombi"
specifiers = ["latest"]

[tools.tombi."platforms.linux-arm64"]
checksum = "sha256:a545a471cec6baf982bcb8e274d097303cece1a72136ada79d240adb6d1354f6"
url = "https://github.com/tombi-toml/tombi/releases/download/v1.5.5/tombi-cli-1.5.5-aarch64-unknown-linux-musl.tar.gz"
url_api = "https://api.github.com/repos/tombi-toml/tombi/releases/assets/559313379"
provenance = "github-attestations"

[tools.tombi."platforms.linux-arm64-musl"]
checksum = "sha256:a545a471cec6baf982bcb8e274d097303cece1a72136ada79d240adb6d1354f6"
url = "https://github.com/tombi-toml/tombi/releases/download/v1.5.5/tombi-cli-1.5.5-aarch64-unknown-linux-musl.tar.gz"
url_api = "https://api.github.com/repos/tombi-toml/tombi/releases/assets/559313379"
provenance = "github-attestations"

[tools.tombi."platforms.linux-x64"]
checksum = "sha256:6c50d2589989e8182e9f6e774b4b25c9f5729b67a2a7e7dcaadddbedbe1da5ec"
url = "https://github.com/tombi-toml/tombi/releases/download/v1.5.5/tombi-cli-1.5.5-x86_64-unknown-linux-musl.tar.gz"
url_api = "https://api.github.com/repos/tombi-toml/tombi/releases/assets/559313407"
provenance = "github-attestations"

[tools.tombi."platforms.linux-x64-musl"]
checksum = "sha256:6c50d2589989e8182e9f6e774b4b25c9f5729b67a2a7e7dcaadddbedbe1da5ec"
url = "https://github.com/tombi-toml/tombi/releases/download/v1.5.5/tombi-cli-1.5.5-x86_64-unknown-linux-musl.tar.gz"
url_api = "https://api.github.com/repos/tombi-toml/tombi/releases/assets/559313407"
provenance = "github-attestations"

[tools.tombi."platforms.macos-arm64"]
checksum = "sha256:460b3269414d2ca26e05863908764f118bea3b4a52068081af6a3dae03c1320e"
url = "https://github.com/tombi-toml/tombi/releases/download/v1.5.5/tombi-cli-1.5.5-aarch64-apple-darwin.tar.gz"
url_api = "https://api.github.com/repos/tombi-toml/tombi/releases/assets/559313381"
provenance = "github-attestations"

[tools.tombi."platforms.macos-x64"]
checksum = "sha256:9276c456e4a0217e95fb84ac3cde29d281d7b53e5eb168d83cb038ec07e2083d"
url = "https://github.com/tombi-toml/tombi/releases/download/v1.5.5/tombi-cli-1.5.5-x86_64-apple-darwin.tar.gz"
url_api = "https://api.github.com/repos/tombi-toml/tombi/releases/assets/559313375"
provenance = "github-attestations"

[tools.tombi."platforms.windows-x64"]
checksum = "sha256:49e8aa14e82038a13c5f9f50cc6524b56b9bce167734bead31439939e0830a3b"
url = "https://github.com/tombi-toml/tombi/releases/download/v1.5.5/tombi-cli-1.5.5-x86_64-pc-windows-msvc.zip"
url_api = "https://api.github.com/repos/tombi-toml/tombi/releases/assets/559313401"
provenance = "github-attestations"

[[tools.typos]]
version = "1.50.2"
backend = "aqua:crate-ci/typos"
specifiers = ["latest"]

[tools.typos."platforms.linux-arm64"]
checksum = "sha256:27c4b6d0ba6f37d120ce32117777d703fc9d57ba71f16e8bcde5b35c987cf9b8"
url = "https://github.com/crate-ci/typos/releases/download/v1.50.2/typos-v1.50.2-aarch64-unknown-linux-musl.tar.gz"
url_api = "https://api.github.com/repos/crate-ci/typos/releases/assets/565799446"

[tools.typos."platforms.linux-arm64-musl"]
checksum = "sha256:27c4b6d0ba6f37d120ce32117777d703fc9d57ba71f16e8bcde5b35c987cf9b8"
url = "https://github.com/crate-ci/typos/releases/download/v1.50.2/typos-v1.50.2-aarch64-unknown-linux-musl.tar.gz"
url_api = "https://api.github.com/repos/crate-ci/typos/releases/assets/565799446"

[tools.typos."platforms.linux-x64"]
checksum = "sha256:abcb3e257c7c2abeff4d903f7fe68071357637605bdb283ce2251f44bc70dc09"
url = "https://github.com/crate-ci/typos/releases/download/v1.50.2/typos-v1.50.2-x86_64-unknown-linux-musl.tar.gz"
url_api = "https://api.github.com/repos/crate-ci/typos/releases/assets/565795694"

[tools.typos."platforms.linux-x64-musl"]
checksum = "sha256:abcb3e257c7c2abeff4d903f7fe68071357637605bdb283ce2251f44bc70dc09"
url = "https://github.com/crate-ci/typos/releases/download/v1.50.2/typos-v1.50.2-x86_64-unknown-linux-musl.tar.gz"
url_api = "https://api.github.com/repos/crate-ci/typos/releases/assets/565795694"

[tools.typos."platforms.macos-arm64"]
checksum = "sha256:70d61e9d682034133f0aa56f5a02bae0de168495f3cce62a87054aa7186c1901"
url = "https://github.com/crate-ci/typos/releases/download/v1.50.2/typos-v1.50.2-aarch64-apple-darwin.tar.gz"
url_api = "https://api.github.com/repos/crate-ci/typos/releases/assets/565802016"

[tools.typos."platforms.macos-x64"]
checksum = "sha256:7480a081e51d428d94f560ef8b855ae0decb7c35cc686925ed887c5f51b1ecf1"
url = "https://github.com/crate-ci/typos/releases/download/v1.50.2/typos-v1.50.2-x86_64-apple-darwin.tar.gz"
url_api = "https://api.github.com/repos/crate-ci/typos/releases/assets/565800683"

[tools.typos."platforms.windows-x64"]
checksum = "sha256:8474ca8bd72df497b7dee2272345bdea0d4926b18b708faea492fc9bcfd0b0e9"
url = "https://github.com/crate-ci/typos/releases/download/v1.50.2/typos-v1.50.2-x86_64-pc-windows-msvc.zip"
url_api = "https://api.github.com/repos/crate-ci/typos/releases/assets/565798642"

[[tools.zizmor]]
version = "1.30.1"
backend = "aqua:zizmorcore/zizmor"
specifiers = ["latest"]

[tools.zizmor."platforms.linux-arm64"]
checksum = "sha256:7ff1dce33bdd18fd2a4affe63bdd47efcccca97b2cec1c1863ec26e9e2647540"
url = "https://github.com/zizmorcore/zizmor/releases/download/v1.30.1/zizmor-aarch64-unknown-linux-gnu.tar.gz"
url_api = "https://api.github.com/repos/zizmorcore/zizmor/releases/assets/552067643"
provenance = "github-attestations"

[tools.zizmor."platforms.linux-arm64-musl"]
provenance = "github-attestations"

[tools.zizmor."platforms.linux-x64"]
checksum = "sha256:e65324f4430c2717591937edcec90ccbefaf14c174f8ec9415e03ca875b46e1a"
url = "https://github.com/zizmorcore/zizmor/releases/download/v1.30.1/zizmor-x86_64-unknown-linux-gnu.tar.gz"
url_api = "https://api.github.com/repos/zizmorcore/zizmor/releases/assets/552067642"
provenance = "github-attestations"

[tools.zizmor."platforms.linux-x64-musl"]
provenance = "github-attestations"

[tools.zizmor."platforms.macos-arm64"]
checksum = "sha256:e28d22b087f9ebb8d99da6e740d348c930f559961c7c3f12badda54f882195a2"
url = "https://github.com/zizmorcore/zizmor/releases/download/v1.30.1/zizmor-aarch64-apple-darwin.tar.gz"
url_api = "https://api.github.com/repos/zizmorcore/zizmor/releases/assets/552067640"
provenance = "github-attestations"

[tools.zizmor."platforms.macos-x64"]
checksum = "sha256:10e6b18b11ea07e515a16f0f0518c7b07527bc9977c1fd5698181ce7f3554202"
url = "https://github.com/zizmorcore/zizmor/releases/download/v1.30.1/zizmor-x86_64-apple-darwin.tar.gz"
url_api = "https://api.github.com/repos/zizmorcore/zizmor/releases/assets/552067641"
provenance = "github-attestations"

[tools.zizmor."platforms.windows-x64"]
checksum = "sha256:b183b1e996eddfab9659f1e9b46e059f1ef1cf984a1f14e5da09f7876a4b3a1c"
url = "https://github.com/zizmorcore/zizmor/releases/download/v1.30.1/zizmor-x86_64-pc-windows-msvc.zip"
url_api = "https://api.github.com/repos/zizmorcore/zizmor/releases/assets/552067645"
provenance = "github-attestations"
